
Microsoft Visual Studio Solution File, Format Version 12.00
# Visual Studio Version 17
VisualStudioVersion = 17.0.31903.59
MinimumVisualStudioVersion = 10.0.40219.1
Project("{FAE04EC0-301F-11D3-BF4B-00C04F79EFBC}") = "ExpandedJsonAttributes", "ExpandedJsonAttributes\ExpandedJsonAttributes.csproj", "{C982F3EF-F4C8-4C70-9D9C-70D3E7F8573B}"
EndProject
Project("{FAE04EC0-301F-11D3-BF4B-00C04F79EFBC}") = "Tests", "Tests\Tests.csproj", "{35BDD834-69CD-4ED0-968C-0E368353239D}"
EndProject
Global
	GlobalSection(SolutionConfigurationPlatforms) = preSolution
		Debug|Any CPU = Debug|Any CPU
		Release|Any CPU = Release|Any CPU
	EndGlobalSection
	GlobalSection(ProjectConfigurationPlatforms) = postSolution
		{C982F3EF-F4C8-4C70-9D9C-70D3E7F8573B}.Debug|Any CPU.ActiveCfg = Debug|Any CPU
		{C982F3EF-F4C8-4C70-9D9C-70D3E7F8573B}.Debug|Any CPU.Build.0 = Debug|Any CPU
		{C982F3EF-F4C8-4C70-9D9C-70D3E7F8573B}.Release|Any CPU.ActiveCfg = Release|Any CPU
		{C982F3EF-F4C8-4C70-9D9C-70D3E7F8573B}.Release|Any CPU.Build.0 = Release|Any CPU
		{35BDD834-69CD-4ED0-968C-0E368353239D}.Debug|Any CPU.ActiveCfg = Debug|Any CPU
		{35BDD834-69CD-4ED0-968C-0E368353239D}.Debug|Any CPU.Build.0 = Debug|Any CPU
		{35BDD834-69CD-4ED0-968C-0E368353239D}.Release|Any CPU.ActiveCfg = Release|Any CPU
		{35BDD834-69CD-4ED0-968C-0E368353239D}.Release|Any CPU.Build.0 = Release|Any CPU
	EndGlobalSection
	GlobalSection(SolutionProperties) = preSolution
		HideSolutionNode = FALSE
	EndGlobalSection
	GlobalSection(ExtensibilityGlobals) = postSolution
		SolutionGuid = {D57C6F92-77CB-4BF1-A137-2E6823B5A9D3}
	EndGlobalSection
EndGlobal
